
Microsoft Visual Studio Solution File, Format Version 12.00
# Visual Studio 15
VisualStudioVersion = 15.0.28307.421
MinimumVisualStudioVersion = 10.0.40219.1
Project("{FAE04EC0-301F-11D3-BF4B-00C04F79EFBC}") = "AWPO_WebMobile", "AWPO_WebMobile\AWPO_WebMobile.csproj", "{29AC0DA6-1D8E-4F2F-AEEE-83F0B8DC52A6}"
EndProject
Global
	GlobalSection(SolutionConfigurationPlatforms) = preSolution
		Debug|Any CPU = Debug|Any CPU
		Release|Any CPU = Release|Any CPU
	EndGlobalSection
	GlobalSection(ProjectConfigurationPlatforms) = postSolution
		{29AC0DA6-1D8E-4F2F-AEEE-83F0B8DC52A6}.Debug|Any CPU.ActiveCfg = Debug|Any CPU
		{29AC0DA6-1D8E-4F2F-AEEE-83F0B8DC52A6}.Debug|Any CPU.Build.0 = Debug|Any CPU
		{29AC0DA6-1D8E-4F2F-AEEE-83F0B8DC52A6}.Release|Any CPU.ActiveCfg = Release|Any CPU
		{29AC0DA6-1D8E-4F2F-AEEE-83F0B8DC52A6}.Release|Any CPU.Build.0 = Release|Any CPU
	EndGlobalSection
	GlobalSection(SolutionProperties) = preSolution
		HideSolutionNode = FALSE
	EndGlobalSection
	GlobalSection(ExtensibilityGlobals) = postSolution
		SolutionGuid = {2D4E252A-289B-4AB3-A5D9-11CF208F141C}
	EndGlobalSection
EndGlobal
